// !$*UTF8*$!
{
	archiveVersion = 1;
	classes = {
	};
	objectVersion = 46;
	objects = {

/* Begin PBXBuildFile section */
		441781E8EE2FE52D1A5D106A /* libPods.a in Frameworks */ = {isa = PBXBuildFile; fileRef = 4B1A8034D6EA855835EA6F91 /* libPods.a */; };
		75AABB361AA5209900A5BA73 /* UIView+Utils.m in Sources */ = {isa = PBXBuildFile; fileRef = 75AABB351AA5209900A5BA73 /* UIView+Utils.m */; };
		75AABB3A1AA53D7F00A5BA73 /* TimerTableView.swift in Sources */ = {isa = PBXBuildFile; fileRef = 75AABB391AA53D7F00A5BA73 /* TimerTableView.swift */; };
		75AABB3C1AA6922A00A5BA73 /* TimerTableViewCell.swift in Sources */ = {isa = PBXBuildFile; fileRef = 75AABB3B1AA6922A00A5BA73 /* TimerTableViewCell.swift */; };
		75AABB3E1AA698A700A5BA73 /* TimerLabel.swift in Sources */ = {isa = PBXBuildFile; fileRef = 75AABB3D1AA698A700A5BA73 /* TimerLabel.swift */; };
		75CBF2951AD4B1DC00A01396 /* ScoreboardModel.swift in Sources */ = {isa = PBXBuildFile; fileRef = 75CBF2941AD4B1DC00A01396 /* ScoreboardModel.swift */; };
		75CBF2971AD4B41A00A01396 /* ScoreboardLabel.swift in Sources */ = {isa = PBXBuildFile; fileRef = 75CBF2961AD4B41A00A01396 /* ScoreboardLabel.swift */; };
		75CBF2991AD4C02F00A01396 /* CountdownTimerView.swift in Sources */ = {isa = PBXBuildFile; fileRef = 75CBF2981AD4C02F00A01396 /* CountdownTimerView.swift */; };
		75E1692E1A980CF20086FD3F /* AppDelegate.swift in Sources */ = {isa = PBXBuildFile; fileRef = 75E1692D1A980CF20086FD3F /* AppDelegate.swift */; };
		75E169351A980CF20086FD3F /* Images.xcassets in Resources */ = {isa = PBXBuildFile; fileRef = 75E169341A980CF20086FD3F /* Images.xcassets */; };
		75E169441A980CF30086FD3F /* bjjTests.swift in Sources */ = {isa = PBXBuildFile; fileRef = 75E169431A980CF30086FD3F /* bjjTests.swift */; };
		75E169511A98E2860086FD3F /* ScoreboardViewController.swift in Sources */ = {isa = PBXBuildFile; fileRef = 75E1694F1A98E2860086FD3F /* ScoreboardViewController.swift */; };
		75E169911A98F1AC0086FD3F /* NSDictionary+Utils.m in Sources */ = {isa = PBXBuildFile; fileRef = 75E169901A98F1AC0086FD3F /* NSDictionary+Utils.m */; };
/* End PBXBuildFile section */

/* Begin PBXContainerItemProxy section */
		75E1693E1A980CF30086FD3F /* PBXContainerItemProxy */ = {
			isa = PBXContainerItemProxy;
			containerPortal = 75E169201A980CF20086FD3F /* Project object */;
			proxyType = 1;
			remoteGlobalIDString = 75E169271A980CF20086FD3F;
			remoteInfo = bjj;
		};
/* End PBXContainerItemProxy section */

/* Begin PBXFileReference section */
		4B1A8034D6EA855835EA6F91 /* libPods.a */ = {isa = PBXFileReference; explicitFileType = archive.ar; includeInIndex = 0; path = libPods.a; sourceTree = BUILT_PRODUCTS_DIR; };
		75AABB341AA5209900A5BA73 /* UIView+Utils.h */ = {isa = PBXFileReference; fileEncoding = 4; lastKnownFileType = sourcecode.c.h; path = "UIView+Utils.h"; sourceTree = "<group>"; };
		75AABB351AA5209900A5BA73 /* UIView+Utils.m */ = {isa = PBXFileReference; fileEncoding = 4; lastKnownFileType = sourcecode.c.objc; path = "UIView+Utils.m"; sourceTree = "<group>"; };
		75AABB391AA53D7F00A5BA73 /* TimerTableView.swift */ = {isa = PBXFileReference; fileEncoding = 4; lastKnownFileType = sourcecode.swift; path = TimerTableView.swift; sourceTree = "<group>"; };
		75AABB3B1AA6922A00A5BA73 /* TimerTableViewCell.swift */ = {isa = PBXFileReference; fileEncoding = 4; lastKnownFileType = sourcecode.swift; path = TimerTableViewCell.swift; sourceTree = "<group>"; };
		75AABB3D1AA698A700A5BA73 /* TimerLabel.swift */ = {isa = PBXFileReference; fileEncoding = 4; lastKnownFileType = sourcecode.swift; path = TimerLabel.swift; sourceTree = "<group>"; };
		75CBF2941AD4B1DC00A01396 /* ScoreboardModel.swift */ = {isa = PBXFileReference; fileEncoding = 4; lastKnownFileType = sourcecode.swift; path = ScoreboardModel.swift; sourceTree = "<group>"; };
		75CBF2961AD4B41A00A01396 /* ScoreboardLabel.swift */ = {isa = PBXFileReference; fileEncoding = 4; lastKnownFileType = sourcecode.swift; path = ScoreboardLabel.swift; sourceTree = "<group>"; };
		75CBF2981AD4C02F00A01396 /* CountdownTimerView.swift */ = {isa = PBXFileReference; fileEncoding = 4; lastKnownFileType = sourcecode.swift; path = CountdownTimerView.swift; sourceTree = "<group>"; };
		75E169281A980CF20086FD3F /* bjj.app */ = {isa = PBXFileReference; explicitFileType = wrapper.application; includeInIndex = 0; path = bjj.app; sourceTree = BUILT_PRODUCTS_DIR; };
		75E1692C1A980CF20086FD3F /* Info.plist */ = {isa = PBXFileReference; lastKnownFileType = text.plist.xml; path = Info.plist; sourceTree = "<group>"; };
		75E1692D1A980CF20086FD3F /* AppDelegate.swift */ = {isa = PBXFileReference; lastKnownFileType = sourcecode.swift; path = AppDelegate.swift; sourceTree = "<group>"; };
		75E169341A980CF20086FD3F /* Images.xcassets */ = {isa = PBXFileReference; lastKnownFileType = folder.assetcatalog; path = Images.xcassets; sourceTree = "<group>"; };
		75E1693D1A980CF30086FD3F /* bjjTests.xctest */ = {isa = PBXFileReference; explicitFileType = wrapper.cfbundle; includeInIndex = 0; path = bjjTests.xctest; sourceTree = BUILT_PRODUCTS_DIR; };
		75E169421A980CF30086FD3F /* Info.plist */ = {isa = PBXFileReference; lastKnownFileType = text.plist.xml; path = Info.plist; sourceTree = "<group>"; };
		75E169431A980CF30086FD3F /* bjjTests.swift */ = {isa = PBXFileReference; lastKnownFileType = sourcecode.swift; path = bjjTests.swift; sourceTree = "<group>"; };
		75E1694F1A98E2860086FD3F /* ScoreboardViewController.swift */ = {isa = PBXFileReference; fileEncoding = 4; lastKnownFileType = sourcecode.swift; path = ScoreboardViewController.swift; sourceTree = "<group>"; };
		75E1698B1A98F17E0086FD3F /* bjj-Bridging-Header.h */ = {isa = PBXFileReference; lastKnownFileType = sourcecode.c.h; path = "bjj-Bridging-Header.h"; sourceTree = "<group>"; };
		75E1698F1A98F1AC0086FD3F /* NSDictionary+Utils.h */ = {isa = PBXFileReference; fileEncoding = 4; lastKnownFileType = sourcecode.c.h; path = "NSDictionary+Utils.h"; sourceTree = "<group>"; };
		75E169901A98F1AC0086FD3F /* NSDictionary+Utils.m */ = {isa = PBXFileReference; fileEncoding = 4; lastKnownFileType = sourcecode.c.objc; path = "NSDictionary+Utils.m"; sourceTree = "<group>"; };
		918FEE4B33A3FC23870C5F21 /* Pods.release.xcconfig */ = {isa = PBXFileReference; includeInIndex = 1; lastKnownFileType = text.xcconfig; name = Pods.release.xcconfig; path = "Pods/Target Support Files/Pods/Pods.release.xcconfig"; sourceTree = "<group>"; };
		AFD2F8A8ACD7FC7B347F9DDA /* Pods.debug.xcconfig */ = {isa = PBXFileReference; includeInIndex = 1; lastKnownFileType = text.xcconfig; name = Pods.debug.xcconfig; path = "Pods/Target Support Files/Pods/Pods.debug.xcconfig"; sourceTree = "<group>"; };
/* End PBXFileReference section */

/* Begin PBXFrameworksBuildPhase section */
		75E169251A980CF20086FD3F /* Frameworks */ = {
			isa = PBXFrameworksBuildPhase;
			buildActionMask = 2147483647;
			files = (
				441781E8EE2FE52D1A5D106A /* libPods.a in Frameworks */,
			);
			runOnlyForDeploymentPostprocessing = 0;
		};
		75E1693A1A980CF30086FD3F /* Frameworks */ = {
			isa = PBXFrameworksBuildPhase;
			buildActionMask = 2147483647;
			files = (
			);
			runOnlyForDeploymentPostprocessing = 0;
		};
/* End PBXFrameworksBuildPhase section */

/* Begin PBXGroup section */
		759327C31AA277F500197092 /* Views */ = {
			isa = PBXGroup;
			children = (
				75AABB391AA53D7F00A5BA73 /* TimerTableView.swift */,
				75AABB3B1AA6922A00A5BA73 /* TimerTableViewCell.swift */,
				75AABB3D1AA698A700A5BA73 /* TimerLabel.swift */,
				75CBF2961AD4B41A00A01396 /* ScoreboardLabel.swift */,
				75CBF2981AD4C02F00A01396 /* CountdownTimerView.swift */,
			);
			name = Views;
			sourceTree = "<group>";
		};
		75E1691F1A980CF20086FD3F = {
			isa = PBXGroup;
			children = (
				75E1692A1A980CF20086FD3F /* bjj */,
				75E169401A980CF30086FD3F /* bjjTests */,
				75E169291A980CF20086FD3F /* Products */,
				86EFF5F7453F85D83BA1BB57 /* Pods */,
				798F5615DB8A7EE0952606FC /* Frameworks */,
			);
			sourceTree = "<group>";
		};
		75E169291A980CF20086FD3F /* Products */ = {
			isa = PBXGroup;
			children = (
				75E169281A980CF20086FD3F /* bjj.app */,
				75E1693D1A980CF30086FD3F /* bjjTests.xctest */,
			);
			name = Products;
			sourceTree = "<group>";
		};
		75E1692A1A980CF20086FD3F /* bjj */ = {
			isa = PBXGroup;
			children = (
				75E1698A1A98F1560086FD3F /* Utilities */,
				75E169561A98EC380086FD3F /* Models */,
				759327C31AA277F500197092 /* Views */,
				75E169551A98EBC00086FD3F /* Controllers */,
				75E169341A980CF20086FD3F /* Images.xcassets */,
				75E1692D1A980CF20086FD3F /* AppDelegate.swift */,
				75E1692B1A980CF20086FD3F /* Supporting Files */,
			);
			path = bjj;
			sourceTree = "<group>";
		};
		75E1692B1A980CF20086FD3F /* Supporting Files */ = {
			isa = PBXGroup;
			children = (
				75E1692C1A980CF20086FD3F /* Info.plist */,
			);
			name = "Supporting Files";
			sourceTree = "<group>";
		};
		75E169401A980CF30086FD3F /* bjjTests */ = {
			isa = PBXGroup;
			children = (
				75E169431A980CF30086FD3F /* bjjTests.swift */,
				75E169411A980CF30086FD3F /* Supporting Files */,
			);
			path = bjjTests;
			sourceTree = "<group>";
		};
		75E169411A980CF30086FD3F /* Supporting Files */ = {
			isa = PBXGroup;
			children = (
				75E169421A980CF30086FD3F /* Info.plist */,
			);
			name = "Supporting Files";
			sourceTree = "<group>";
		};
		75E169551A98EBC00086FD3F /* Controllers */ = {
			isa = PBXGroup;
			children = (
				75E1694F1A98E2860086FD3F /* ScoreboardViewController.swift */,
			);
			name = Controllers;
			sourceTree = "<group>";
		};
		75E169561A98EC380086FD3F /* Models */ = {
			isa = PBXGroup;
			children = (
				75CBF2941AD4B1DC00A01396 /* ScoreboardModel.swift */,
			);
			name = Models;
			sourceTree = "<group>";
		};
		75E1698A1A98F1560086FD3F /* Utilities */ = {
			isa = PBXGroup;
			children = (
				75E1698B1A98F17E0086FD3F /* bjj-Bridging-Header.h */,
				75E1698F1A98F1AC0086FD3F /* NSDictionary+Utils.h */,
				75E169901A98F1AC0086FD3F /* NSDictionary+Utils.m */,
				75AABB341AA5209900A5BA73 /* UIView+Utils.h */,
				75AABB351AA5209900A5BA73 /* UIView+Utils.m */,
			);
			name = Utilities;
			sourceTree = "<group>";
		};
		798F5615DB8A7EE0952606FC /* Frameworks */ = {
			isa = PBXGroup;
			children = (
				4B1A8034D6EA855835EA6F91 /* libPods.a */,
			);
			name = Frameworks;
			sourceTree = "<group>";
		};
		86EFF5F7453F85D83BA1BB57 /* Pods */ = {
			isa = PBXGroup;
			children = (
				AFD2F8A8ACD7FC7B347F9DDA /* Pods.debug.xcconfig */,
				918FEE4B33A3FC23870C5F21 /* Pods.release.xcconfig */,
			);
			name = Pods;
			sourceTree = "<group>";
		};
/* End PBXGroup section */

/* Begin PBXNativeTarget section */
		75E169271A980CF20086FD3F /* bjj */ = {
			isa = PBXNativeTarget;
			buildConfigurationList = 75E169471A980CF30086FD3F /* Build configuration list for PBXNativeTarget "bjj" */;
			buildPhases = (
				5A77273B0BA6794F84DA6A2B /* Check Pods Manifest.lock */,
				75E169241A980CF20086FD3F /* Sources */,
				75E169251A980CF20086FD3F /* Frameworks */,
				75E169261A980CF20086FD3F /* Resources */,
				C1FA12836D2B969309209579 /* Copy Pods Resources */,
			);
			buildRules = (
			);
			dependencies = (
			);
			name = bjj;
			productName = bjj;
			productReference = 75E169281A980CF20086FD3F /* bjj.app */;
			productType = "com.apple.product-type.application";
		};
		75E1693C1A980CF30086FD3F /* bjjTests */ = {
			isa = PBXNativeTarget;
			buildConfigurationList = 75E1694A1A980CF30086FD3F /* Build configuration list for PBXNativeTarget "bjjTests" */;
			buildPhases = (
				75E169391A980CF30086FD3F /* Sources */,
				75E1693A1A980CF30086FD3F /* Frameworks */,
				75E1693B1A980CF30086FD3F /* Resources */,
			);
			buildRules = (
			);
			dependencies = (
				75E1693F1A980CF30086FD3F /* PBXTargetDependency */,
			);
			name = bjjTests;
			productName = bjjTests;
			productReference = 75E1693D1A980CF30086FD3F /* bjjTests.xctest */;
			productType = "com.apple.product-type.bundle.unit-test";
		};
/* End PBXNativeTarget section */

/* Begin PBXProject section */
		75E169201A980CF20086FD3F /* Project object */ = {
			isa = PBXProject;
			attributes = {
				LastUpgradeCheck = 0610;
				ORGANIZATIONNAME = "Kelvin Lau";
				TargetAttributes = {
					75E169271A980CF20086FD3F = {
						CreatedOnToolsVersion = 6.1.1;
					};
					75E1693C1A980CF30086FD3F = {
						CreatedOnToolsVersion = 6.1.1;
						TestTargetID = 75E169271A980CF20086FD3F;
					};
				};
			};
			buildConfigurationList = 75E169231A980CF20086FD3F /* Build configuration list for PBXProject "bjj" */;
			compatibilityVersion = "Xcode 3.2";
			developmentRegion = English;
			hasScannedForEncodings = 0;
			knownRegions = (
				en,
				Base,
			);
			mainGroup = 75E1691F1A980CF20086FD3F;
			productRefGroup = 75E169291A980CF20086FD3F /* Products */;
			projectDirPath = "";
			projectRoot = "";
			targets = (
				75E169271A980CF20086FD3F /* bjj */,
				75E1693C1A980CF30086FD3F /* bjjTests */,
			);
		};
/* End PBXProject section */

/* Begin PBXResourcesBuildPhase section */
		75E169261A980CF20086FD3F /* Resources */ = {
			isa = PBXResourcesBuildPhase;
			buildActionMask = 2147483647;
			files = (
				75E169351A980CF20086FD3F /* Images.xcassets in Resources */,
			);
			runOnlyForDeploymentPostprocessing = 0;
		};
		75E1693B1A980CF30086FD3F /* Resources */ = {
			isa = PBXResourcesBuildPhase;
			buildActionMask = 2147483647;
			files = (
			);
			runOnlyForDeploymentPostprocessing = 0;
		};
/* End PBXResourcesBuildPhase section */

/* Begin PBXShellScriptBuildPhase section */
		5A77273B0BA6794F84DA6A2B /* Check Pods Manifest.lock */ = {
			isa = PBXShellScriptBuildPhase;
			buildActionMask = 2147483647;
			files = (
			);
			inputPaths = (
			);
			name = "Check Pods Manifest.lock";
			outputPaths = (
			);
			runOnlyForDeploymentPostprocessing = 0;
			shellPath = /bin/sh;
			shellScript = "diff \"${PODS_ROOT}/../Podfile.lock\" \"${PODS_ROOT}/Manifest.lock\" > /dev/null\nif [[ $? != 0 ]] ; then\n    cat << EOM\nerror: The sandbox is not in sync with the Podfile.lock. Run 'pod install' or update your CocoaPods installation.\nEOM\n    exit 1\nfi\n";
			showEnvVarsInLog = 0;
		};
		C1FA12836D2B969309209579 /* Copy Pods Resources */ = {
			isa = PBXShellScriptBuildPhase;
			buildActionMask = 2147483647;
			files = (
			);
			inputPaths = (
			);
			name = "Copy Pods Resources";
			outputPaths = (
			);
			runOnlyForDeploymentPostprocessing = 0;
			shellPath = /bin/sh;
			shellScript = "\"${SRCROOT}/Pods/Target Support Files/Pods/Pods-resources.sh\"\n";
			showEnvVarsInLog = 0;
		};
/* End PBXShellScriptBuildPhase section */

/* Begin PBXSourcesBuildPhase section */
		75E169241A980CF20086FD3F /* Sources */ = {
			isa = PBXSourcesBuildPhase;
			buildActionMask = 2147483647;
			files = (
				75CBF2951AD4B1DC00A01396 /* ScoreboardModel.swift in Sources */,
				75CBF2991AD4C02F00A01396 /* CountdownTimerView.swift in Sources */,
				75E169511A98E2860086FD3F /* ScoreboardViewController.swift in Sources */,
				75E169911A98F1AC0086FD3F /* NSDictionary+Utils.m in Sources */,
				75AABB3A1AA53D7F00A5BA73 /* TimerTableView.swift in Sources */,
				75E1692E1A980CF20086FD3F /* AppDelegate.swift in Sources */,
				75AABB3E1AA698A700A5BA73 /* TimerLabel.swift in Sources */,
				75AABB361AA5209900A5BA73 /* UIView+Utils.m in Sources */,
				75AABB3C1AA6922A00A5BA73 /* TimerTableViewCell.swift in Sources */,
				75CBF2971AD4B41A00A01396 /* ScoreboardLabel.swift in Sources */,
			);
			runOnlyForDeploymentPostprocessing = 0;
		};
		75E169391A980CF30086FD3F /* Sources */ = {
			isa = PBXSourcesBuildPhase;
			buildActionMask = 2147483647;
			files = (
				75E169441A980CF30086FD3F /* bjjTests.swift in Sources */,
			);
			runOnlyForDeploymentPostprocessing = 0;
		};
/* End PBXSourcesBuildPhase section */

/* Begin PBXTargetDependency section */
		75E1693F1A980CF30086FD3F /* PBXTargetDependency */ = {
			isa = PBXTargetDependency;
			target = 75E169271A980CF20086FD3F /* bjj */;
			targetProxy = 75E1693E1A980CF30086FD3F /* PBXContainerItemProxy */;
		};
/* End PBXTargetDependency section */

/* Begin XCBuildConfiguration section */
		75E169451A980CF30086FD3F /* Debug */ = {
			isa = XCBuildConfiguration;
			buildSettings = {
				ALWAYS_SEARCH_USER_PATHS = NO;
				CLANG_CXX_LANGUAGE_STANDARD = "gnu++0x";
				CLANG_CXX_LIBRARY = "libc++";
				CLANG_ENABLE_MODULES = YES;
				CLANG_ENABLE_OBJC_ARC = YES;
				CLANG_WARN_BOOL_CONVERSION = YES;
				CLANG_WARN_CONSTANT_CONVERSION = YES;
				CLANG_WARN_DIRECT_OBJC_ISA_USAGE = YES_ERROR;
				CLANG_WARN_EMPTY_BODY = YES;
				CLANG_WARN_ENUM_CONVERSION = YES;
				CLANG_WARN_INT_CONVERSION = YES;
				CLANG_WARN_OBJC_ROOT_CLASS = YES_ERROR;
				CLANG_WARN_UNREACHABLE_CODE = YES;
				CLANG_WARN__DUPLICATE_METHOD_MATCH = YES;
				"CODE_SIGN_IDENTITY[sdk=iphoneos*]" = "iPhone Developer";
				COPY_PHASE_STRIP = NO;
				ENABLE_STRICT_OBJC_MSGSEND = YES;
				GCC_C_LANGUAGE_STANDARD = gnu99;
				GCC_DYNAMIC_NO_PIC = NO;
				GCC_OPTIMIZATION_LEVEL = 0;
				GCC_PREPROCESSOR_DEFINITIONS = (
					"DEBUG=1",
					"$(inherited)",
				);
				GCC_SYMBOLS_PRIVATE_EXTERN = NO;
				GCC_WARN_64_TO_32_BIT_CONVERSION = YES;
				GCC_WARN_ABOUT_RETURN_TYPE = YES_ERROR;
				GCC_WARN_UNDECLARED_SELECTOR = YES;
				GCC_WARN_UNINITIALIZED_AUTOS = YES_AGGRESSIVE;
				GCC_WARN_UNUSED_FUNCTION = YES;
				GCC_WARN_UNUSED_VARIABLE = YES;
				IPHONEOS_DEPLOYMENT_TARGET = 8.1;
				MTL_ENABLE_DEBUG_INFO = YES;
				ONLY_ACTIVE_ARCH = YES;
				SDKROOT = iphoneos;
				SWIFT_OPTIMIZATION_LEVEL = "-Onone";
			};
			name = Debug;
		};
		75E169461A980CF30086FD3F /* Release */ = {
			isa = XCBuildConfiguration;
			buildSettings = {
				ALWAYS_SEARCH_USER_PATHS = NO;
				CLANG_CXX_LANGUAGE_STANDARD = "gnu++0x";
				CLANG_CXX_LIBRARY = "libc++";
				CLANG_ENABLE_MODULES = YES;
				CLANG_ENABLE_OBJC_ARC = YES;
				CLANG_WARN_BOOL_CONVERSION = YES;
				CLANG_WARN_CONSTANT_CONVERSION = YES;
				CLANG_WARN_DIRECT_OBJC_ISA_USAGE = YES_ERROR;
				CLANG_WARN_EMPTY_BODY = YES;
				CLANG_WARN_ENUM_CONVERSION = YES;
				CLANG_WARN_INT_CONVERSION = YES;
				CLANG_WARN_OBJC_ROOT_CLASS = YES_ERROR;
				CLANG_WARN_UNREACHABLE_CODE = YES;
				CLANG_WARN__DUPLICATE_METHOD_MATCH = YES;
				"CODE_SIGN_IDENTITY[sdk=iphoneos*]" = "iPhone Developer";
				COPY_PHASE_STRIP = YES;
				ENABLE_NS_ASSERTIONS = NO;
				ENABLE_STRICT_OBJC_MSGSEND = YES;
				GCC_C_LANGUAGE_STANDARD = gnu99;
				GCC_WARN_64_TO_32_BIT_CONVERSION = YES;
				GCC_WARN_ABOUT_RETURN_TYPE = YES_ERROR;
				GCC_WARN_UNDECLARED_SELECTOR = YES;
				GCC_WARN_UNINITIALIZED_AUTOS = YES_AGGRESSIVE;
				GCC_WARN_UNUSED_FUNCTION = YES;
				GCC_WARN_UNUSED_VARIABLE = YES;
				IPHONEOS_DEPLOYMENT_TARGET = 8.1;
				MTL_ENABLE_DEBUG_INFO = NO;
				SDKROOT = iphoneos;
				VALIDATE_PRODUCT = YES;
			};
			name = Release;
		};
		75E169481A980CF30086FD3F /* Debug */ = {
			isa = XCBuildConfiguration;
			baseConfigurationReference = AFD2F8A8ACD7FC7B347F9DDA /* Pods.debug.xcconfig */;
			buildSettings = {
				ASSETCATALOG_COMPILER_APPICON_NAME = AppIcon;
				ASSETCATALOG_COMPILER_LAUNCHIMAGE_NAME = LaunchImage;
				CLANG_ENABLE_MODULES = YES;
				CODE_SIGN_IDENTITY = "iPhone Developer";
				INFOPLIST_FILE = bjj/Info.plist;
				IPHONEOS_DEPLOYMENT_TARGET = 8.0;
				LD_RUNPATH_SEARCH_PATHS = "$(inherited) @executable_path/Frameworks";
				PRODUCT_NAME = "$(TARGET_NAME)";
				SWIFT_OBJC_BRIDGING_HEADER = "bjj/bjj-Bridging-Header.h";
				SWIFT_OPTIMIZATION_LEVEL = "-Onone";
				TARGETED_DEVICE_FAMILY = "1,2";
			};
			name = Debug;
		};
		75E169491A980CF30086FD3F /* Release */ = {
			isa = XCBuildConfiguration;
			baseConfigurationReference = 918FEE4B33A3FC23870C5F21 /* Pods.release.xcconfig */;
			buildSettings = {
				ASSETCATALOG_COMPILER_APPICON_NAME = AppIcon;
				ASSETCATALOG_COMPILER_LAUNCHIMAGE_NAME = LaunchImage;
				CLANG_ENABLE_MODULES = YES;
				CODE_SIGN_IDENTITY = "iPhone Developer";
				INFOPLIST_FILE = bjj/Info.plist;
				IPHONEOS_DEPLOYMENT_TARGET = 8.0;
				LD_RUNPATH_SEARCH_PATHS = "$(inherited) @executable_path/Frameworks";
				PRODUCT_NAME = "$(TARGET_NAME)";
				SWIFT_OBJC_BRIDGING_HEADER = "bjj/bjj-Bridging-Header.h";
				TARGETED_DEVICE_FAMILY = "1,2";
			};
			name = Release;
		};
		75E1694B1A980CF30086FD3F /* Debug */ = {
			isa = XCBuildConfiguration;
			buildSettings = {
				BUNDLE_LOADER = "$(TEST_HOST)";
				FRAMEWORK_SEARCH_PATHS = (
					"$(SDKROOT)/Developer/Library/Frameworks",
					"$(inherited)",
				);
				GCC_PREPROCESSOR_DEFINITIONS = (
					"DEBUG=1",
					"$(inherited)",
				);
				INFOPLIST_FILE = bjjTests/Info.plist;
				LD_RUNPATH_SEARCH_PATHS = "$(inherited) @executable_path/Frameworks @loader_path/Frameworks";
				PRODUCT_NAME = "$(TARGET_NAME)";
				TEST_HOST = "$(BUILT_PRODUCTS_DIR)/bjj.app/bjj";
			};
			name = Debug;
		};
		75E1694C1A980CF30086FD3F /* Release */ = {
			isa = XCBuildConfiguration;
			buildSettings = {
				BUNDLE_LOADER = "$(TEST_HOST)";
				FRAMEWORK_SEARCH_PATHS = (
					"$(SDKROOT)/Developer/Library/Frameworks",
					"$(inherited)",
				);
				INFOPLIST_FILE = bjjTests/Info.plist;
				LD_RUNPATH_SEARCH_PATHS = "$(inherited) @executable_path/Frameworks @loader_path/Frameworks";
				PRODUCT_NAME = "$(TARGET_NAME)";
				TEST_HOST = "$(BUILT_PRODUCTS_DIR)/bjj.app/bjj";
			};
			name = Release;
		};
/* End XCBuildConfiguration section */

/* Begin XCConfigurationList section */
		75E169231A980CF20086FD3F /* Build configuration list for PBXProject "bjj" */ = {
			isa = XCConfigurationList;
			buildConfigurations = (
				75E169451A980CF30086FD3F /* Debug */,
				75E169461A980CF30086FD3F /* Release */,
			);
			defaultConfigurationIsVisible = 0;
			defaultConfigurationName = Release;
		};
		75E169471A980CF30086FD3F /* Build configuration list for PBXNativeTarget "bjj" */ = {
			isa = XCConfigurationList;
			buildConfigurations = (
				75E169481A980CF30086FD3F /* Debug */,
				75E169491A980CF30086FD3F /* Release */,
			);
			defaultConfigurationIsVisible = 0;
			defaultConfigurationName = Release;
		};
		75E1694A1A980CF30086FD3F /* Build configuration list for PBXNativeTarget "bjjTests" */ = {
			isa = XCConfigurationList;
			buildConfigurations = (
				75E1694B1A980CF30086FD3F /* Debug */,
				75E1694C1A980CF30086FD3F /* Release */,
			);
			defaultConfigurationIsVisible = 0;
			defaultConfigurationName = Release;
		};
/* End XCConfigurationList section */
	};
	rootObject = 75E169201A980CF20086FD3F /* Project object */;
}
